
Microsoft Visual Studio Solution File, Format Version 12.00
# Visual Studio Version 16
VisualStudioVersion = 16.0.31019.35
MinimumVisualStudioVersion = 10.0.40219.1
Project("{FAE04EC0-301F-11D3-BF4B-00C04F79EFBC}") = "Assembly-CSharp", "Assembly-CSharp.csproj", "{3398C053-4D2D-7FCF-95CE-5BD8D9E12726}"
EndProject
Project("{FAE04EC0-301F-11D3-BF4B-00C04F79EFBC}") = "Assembly-CSharp-Editor", "Assembly-CSharp-Editor.csproj", "{1E527EC2-BD1A-E4A7-5FF5-E5BA61F234EA}"
EndProject
Global
	GlobalSection(SolutionConfigurationPlatforms) = preSolution
		Debug|Any CPU = Debug|Any CPU
		Release|Any CPU = Release|Any CPU
	EndGlobalSection
	GlobalSection(ProjectConfigurationPlatforms) = postSolution
		{3398C053-4D2D-7FCF-95CE-5BD8D9E12726}.Debug|Any CPU.ActiveCfg = Debug|Any CPU
		{3398C053-4D2D-7FCF-95CE-5BD8D9E12726}.Debug|Any CPU.Build.0 = Debug|Any CPU
		{3398C053-4D2D-7FCF-95CE-5BD8D9E12726}.Release|Any CPU.ActiveCfg = Release|Any CPU
		{3398C053-4D2D-7FCF-95CE-5BD8D9E12726}.Release|Any CPU.Build.0 = Release|Any CPU
		{1E527EC2-BD1A-E4A7-5FF5-E5BA61F234EA}.Debug|Any CPU.ActiveCfg = Debug|Any CPU
		{1E527EC2-BD1A-E4A7-5FF5-E5BA61F234EA}.Debug|Any CPU.Build.0 = Debug|Any CPU
		{1E527EC2-BD1A-E4A7-5FF5-E5BA61F234EA}.Release|Any CPU.ActiveCfg = Release|Any CPU
		{1E527EC2-BD1A-E4A7-5FF5-E5BA61F234EA}.Release|Any CPU.Build.0 = Release|Any CPU
	EndGlobalSection
	GlobalSection(SolutionProperties) = preSolution
		HideSolutionNode = FALSE
	EndGlobalSection
	GlobalSection(ExtensibilityGlobals) = postSolution
		SolutionGuid = {BFFBD07A-2A35-49E7-BED3-4979FE7EB8F3}
	EndGlobalSection
EndGlobal
